// !$*UTF8*$!
{
	archiveVersion = 1;
	classes = {
	};
	objectVersion = 56;
	objects = {

/* Begin PBXBuildFile section */
		1F4F1D4D2BD46E48005D3F57 /* VoyageApp.swift in Sources */ = {isa = PBXBuildFile; fileRef = 1F4F1D4C2BD46E48005D3F57 /* VoyageApp.swift */; };
		FD177A592B84F59C00FD37A9 /* ContentView.swift in Sources */ = {isa = PBXBuildFile; fileRef = FD177A582B84F59C00FD37A9 /* ContentView.swift */; };
		FD177A5B2B84F5A000FD37A9 /* Assets.xcassets in Resources */ = {isa = PBXBuildFile; fileRef = FD177A5A2B84F5A000FD37A9 /* Assets.xcassets */; };
		FD177A5E2B84F5A000FD37A9 /* Preview Assets.xcassets in Resources */ = {isa = PBXBuildFile; fileRef = FD177A5D2B84F5A000FD37A9 /* Preview Assets.xcassets */; };
		FD5221192BEDEB0D008B61BD /* AltitudeChart.swift in Sources */ = {isa = PBXBuildFile; fileRef = FD5221182BEDEB0D008B61BD /* AltitudeChart.swift */; };
		FD52211C2BEDF29A008B61BD /* SpeedChart.swift in Sources */ = {isa = PBXBuildFile; fileRef = FD52211B2BEDF29A008B61BD /* SpeedChart.swift */; };
		FDBE1E7F2BEF90800048F5F5 /* BottomSheet in Frameworks */ = {isa = PBXBuildFile; productRef = FDBE1E7E2BEF90800048F5F5 /* BottomSheet */; };
		FDE59FB92BEE986B001BE9A2 /* SGPKit in Frameworks */ = {isa = PBXBuildFile; productRef = FDE59FB82BEE986B001BE9A2 /* SGPKit */; };
		FDE74D252BEC331E00A45A71 /* Satellite.swift in Sources */ = {isa = PBXBuildFile; fileRef = FDE74D242BEC331E00A45A71 /* Satellite.swift */; };
		FDE74D272BEC364C00A45A71 /* SatelliteList.swift in Sources */ = {isa = PBXBuildFile; fileRef = FDE74D262BEC364C00A45A71 /* SatelliteList.swift */; };
		FDE74D292BEC370600A45A71 /* SatelliteRow.swift in Sources */ = {isa = PBXBuildFile; fileRef = FDE74D282BEC370600A45A71 /* SatelliteRow.swift */; };
		FDE74D2B2BEC384100A45A71 /* SatelliteDetail.swift in Sources */ = {isa = PBXBuildFile; fileRef = FDE74D2A2BEC384100A45A71 /* SatelliteDetail.swift */; };
		FDE74D372BEC60AF00A45A71 /* ModelData.swift in Sources */ = {isa = PBXBuildFile; fileRef = FDE74D362BEC60AF00A45A71 /* ModelData.swift */; };
/* End PBXBuildFile section */

/* Begin PBXFileReference section */
		1F4F1D4C2BD46E48005D3F57 /* VoyageApp.swift */ = {isa = PBXFileReference; fileEncoding = 4; lastKnownFileType = sourcecode.swift; path = VoyageApp.swift; sourceTree = "<group>"; };
		FD177A532B84F59C00FD37A9 /* Voyage.app */ = {isa = PBXFileReference; explicitFileType = wrapper.application; includeInIndex = 0; path = Voyage.app; sourceTree = BUILT_PRODUCTS_DIR; };
		FD177A582B84F59C00FD37A9 /* ContentView.swift */ = {isa = PBXFileReference; lastKnownFileType = sourcecode.swift; path = ContentView.swift; sourceTree = "<group>"; };
		FD177A5A2B84F5A000FD37A9 /* Assets.xcassets */ = {isa = PBXFileReference; lastKnownFileType = folder.assetcatalog; path = Assets.xcassets; sourceTree = "<group>"; };
		FD177A5D2B84F5A000FD37A9 /* Preview Assets.xcassets */ = {isa = PBXFileReference; lastKnownFileType = folder.assetcatalog; path = "Preview Assets.xcassets"; sourceTree = "<group>"; };
		FD5221182BEDEB0D008B61BD /* AltitudeChart.swift */ = {isa = PBXFileReference; lastKnownFileType = sourcecode.swift; path = AltitudeChart.swift; sourceTree = "<group>"; };
		FD52211B2BEDF29A008B61BD /* SpeedChart.swift */ = {isa = PBXFileReference; lastKnownFileType = sourcecode.swift; path = SpeedChart.swift; sourceTree = "<group>"; };
		FDE74D242BEC331E00A45A71 /* Satellite.swift */ = {isa = PBXFileReference; lastKnownFileType = sourcecode.swift; path = Satellite.swift; sourceTree = "<group>"; };
		FDE74D262BEC364C00A45A71 /* SatelliteList.swift */ = {isa = PBXFileReference; lastKnownFileType = sourcecode.swift; path = SatelliteList.swift; sourceTree = "<group>"; };
		FDE74D282BEC370600A45A71 /* SatelliteRow.swift */ = {isa = PBXFileReference; lastKnownFileType = sourcecode.swift; path = SatelliteRow.swift; sourceTree = "<group>"; };
		FDE74D2A2BEC384100A45A71 /* SatelliteDetail.swift */ = {isa = PBXFileReference; lastKnownFileType = sourcecode.swift; path = SatelliteDetail.swift; sourceTree = "<group>"; };
		FDE74D362BEC60AF00A45A71 /* ModelData.swift */ = {isa = PBXFileReference; lastKnownFileType = sourcecode.swift; path = ModelData.swift; sourceTree = "<group>"; };
/* End PBXFileReference section */

/* Begin PBXFrameworksBuildPhase section */
		FD177A502B84F59C00FD37A9 /* Frameworks */ = {
			isa = PBXFrameworksBuildPhase;
			buildActionMask = 2147483647;
			files = (
				FDE59FB92BEE986B001BE9A2 /* SGPKit in Frameworks */,
				FDBE1E7F2BEF90800048F5F5 /* BottomSheet in Frameworks */,
			);
			runOnlyForDeploymentPostprocessing = 0;
		};
/* End PBXFrameworksBuildPhase section */

/* Begin PBXGroup section */
		FD177A4A2B84F59B00FD37A9 = {
			isa = PBXGroup;
			children = (
				FD177A552B84F59C00FD37A9 /* Voyage */,
				FD177A542B84F59C00FD37A9 /* Products */,
			);
			sourceTree = "<group>";
		};
		FD177A542B84F59C00FD37A9 /* Products */ = {
			isa = PBXGroup;
			children = (
				FD177A532B84F59C00FD37A9 /* Voyage.app */,
			);
			name = Products;
			sourceTree = "<group>";
		};
		FD177A552B84F59C00FD37A9 /* Voyage */ = {
			isa = PBXGroup;
			children = (
				1F4F1D4C2BD46E48005D3F57 /* VoyageApp.swift */,
				FDE74D2C2BEC389800A45A71 /* Views */,
				FDE74D2E2BEC3CA500A45A71 /* Model */,
				FD177A5A2B84F5A000FD37A9 /* Assets.xcassets */,
				FD177A5C2B84F5A000FD37A9 /* Preview Content */,
			);
			path = Voyage;
			sourceTree = "<group>";
		};
		FD177A5C2B84F5A000FD37A9 /* Preview Content */ = {
			isa = PBXGroup;
			children = (
				FD177A5D2B84F5A000FD37A9 /* Preview Assets.xcassets */,
			);
			path = "Preview Content";
			sourceTree = "<group>";
		};
		FD52211A2BEDF27E008B61BD /* Charts */ = {
			isa = PBXGroup;
			children = (
				FD5221182BEDEB0D008B61BD /* AltitudeChart.swift */,
				FD52211B2BEDF29A008B61BD /* SpeedChart.swift */,
			);
			path = Charts;
			sourceTree = "<group>";
		};
		FDE74D2C2BEC389800A45A71 /* Views */ = {
			isa = PBXGroup;
			children = (
				FD177A582B84F59C00FD37A9 /* ContentView.swift */,
				FDE74D2D2BEC38A000A45A71 /* Satellite */,
				FD52211A2BEDF27E008B61BD /* Charts */,
			);
			path = Views;
			sourceTree = "<group>";
		};
		FDE74D2D2BEC38A000A45A71 /* Satellite */ = {
			isa = PBXGroup;
			children = (
				FDE74D262BEC364C00A45A71 /* SatelliteList.swift */,
				FDE74D282BEC370600A45A71 /* SatelliteRow.swift */,
				FDE74D2A2BEC384100A45A71 /* SatelliteDetail.swift */,
			);
			path = Satellite;
			sourceTree = "<group>";
		};
		FDE74D2E2BEC3CA500A45A71 /* Model */ = {
			isa = PBXGroup;
			children = (
				FDE74D362BEC60AF00A45A71 /* ModelData.swift */,
				FDE74D242BEC331E00A45A71 /* Satellite.swift */,
			);
			path = Model;
			sourceTree = "<group>";
		};
/* End PBXGroup section */

/* Begin PBXNativeTarget section */
		FD177A522B84F59C00FD37A9 /* Voyage */ = {
			isa = PBXNativeTarget;
			buildConfigurationList = FD177A612B84F5A000FD37A9 /* Build configuration list for PBXNativeTarget "Voyage" */;
			buildPhases = (
				FD177A4F2B84F59C00FD37A9 /* Sources */,
				FD177A502B84F59C00FD37A9 /* Frameworks */,
				FD177A512B84F59C00FD37A9 /* Resources */,
			);
			buildRules = (
			);
			dependencies = (
			);
			name = Voyage;
			packageProductDependencies = (
				FDE59FB82BEE986B001BE9A2 /* SGPKit */,
				FDBE1E7E2BEF90800048F5F5 /* BottomSheet */,
			);
			productName = Voyage;
			productReference = FD177A532B84F59C00FD37A9 /* Voyage.app */;
			productType = "com.apple.product-type.application";
		};
/* End PBXNativeTarget section */

/* Begin PBXProject section */
		FD177A4B2B84F59B00FD37A9 /* Project object */ = {
			isa = PBXProject;
			attributes = {
				BuildIndependentTargetsInParallel = 1;
				LastSwiftUpdateCheck = 1520;
				LastUpgradeCheck = 1520;
				TargetAttributes = {
					FD177A522B84F59C00FD37A9 = {
						CreatedOnToolsVersion = 15.2;
					};
				};
			};
			buildConfigurationList = FD177A4E2B84F59C00FD37A9 /* Build configuration list for PBXProject "Voyage" */;
			compatibilityVersion = "Xcode 14.0";
			developmentRegion = en;
			hasScannedForEncodings = 0;
			knownRegions = (
				en,
				Base,
			);
			mainGroup = FD177A4A2B84F59B00FD37A9;
			packageReferences = (
				FDE59FB72BEE986B001BE9A2 /* XCRemoteSwiftPackageReference "swift-sgp4" */,
				FDBE1E7D2BEF90800048F5F5 /* XCRemoteSwiftPackageReference "BottomSheet" */,
			);
			productRefGroup = FD177A542B84F59C00FD37A9 /* Products */;
			projectDirPath = "";
			projectRoot = "";
			targets = (
				FD177A522B84F59C00FD37A9 /* Voyage */,
			);
		};
/* End PBXProject section */

/* Begin PBXResourcesBuildPhase section */
		FD177A512B84F59C00FD37A9 /* Resources */ = {
			isa = PBXResourcesBuildPhase;
			buildActionMask = 2147483647;
			files = (
				FD177A5E2B84F5A000FD37A9 /* Preview Assets.xcassets in Resources */,
				FD177A5B2B84F5A000FD37A9 /* Assets.xcassets in Resources */,
			);
			runOnlyForDeploymentPostprocessing = 0;
		};
/* End PBXResourcesBuildPhase section */

/* Begin PBXSourcesBuildPhase section */
		FD177A4F2B84F59C00FD37A9 /* Sources */ = {
			isa = PBXSourcesBuildPhase;
			buildActionMask = 2147483647;
			files = (
				FDE74D272BEC364C00A45A71 /* SatelliteList.swift in Sources */,
				1F4F1D4D2BD46E48005D3F57 /* VoyageApp.swift in Sources */,
				FD177A592B84F59C00FD37A9 /* ContentView.swift in Sources */,
				FD52211C2BEDF29A008B61BD /* SpeedChart.swift in Sources */,
				FDE74D252BEC331E00A45A71 /* Satellite.swift in Sources */,
				FDE74D372BEC60AF00A45A71 /* ModelData.swift in Sources */,
				FDE74D2B2BEC384100A45A71 /* SatelliteDetail.swift in Sources */,
				FDE74D292BEC370600A45A71 /* SatelliteRow.swift in Sources */,
				FD5221192BEDEB0D008B61BD /* AltitudeChart.swift in Sources */,
			);
			runOnlyForDeploymentPostprocessing = 0;
		};
/* End PBXSourcesBuildPhase section */

/* Begin XCBuildConfiguration section */
		FD177A5F2B84F5A000FD37A9 /* Debug */ = {
			isa = XCBuildConfiguration;
			buildSettings = {
				ALWAYS_SEARCH_USER_PATHS = NO;
				ASSETCATALOG_COMPILER_GENERATE_SWIFT_ASSET_SYMBOL_EXTENSIONS = YES;
				CLANG_ANALYZER_NONNULL = YES;
				CLANG_ANALYZER_NUMBER_OBJECT_CONVERSION = YES_AGGRESSIVE;
				CLANG_CXX_LANGUAGE_STANDARD = "gnu++20";
				CLANG_ENABLE_MODULES = YES;
				CLANG_ENABLE_OBJC_ARC = YES;
				CLANG_ENABLE_OBJC_WEAK = YES;
				CLANG_WARN_BLOCK_CAPTURE_AUTORELEASING = YES;
				CLANG_WARN_BOOL_CONVERSION = YES;
				CLANG_WARN_COMMA = YES;
				CLANG_WARN_CONSTANT_CONVERSION = YES;
				CLANG_WARN_DEPRECATED_OBJC_IMPLEMENTATIONS = YES;
				CLANG_WARN_DIRECT_OBJC_ISA_USAGE = YES_ERROR;
				CLANG_WARN_DOCUMENTATION_COMMENTS = YES;
				CLANG_WARN_EMPTY_BODY = YES;
				CLANG_WARN_ENUM_CONVERSION = YES;
				CLANG_WARN_INFINITE_RECURSION = YES;
				CLANG_WARN_INT_CONVERSION = YES;
				CLANG_WARN_NON_LITERAL_NULL_CONVERSION = YES;
				CLANG_WARN_OBJC_IMPLICIT_RETAIN_SELF = YES;
				CLANG_WARN_OBJC_LITERAL_CONVERSION = YES;
				CLANG_WARN_OBJC_ROOT_CLASS = YES_ERROR;
				CLANG_WARN_QUOTED_INCLUDE_IN_FRAMEWORK_HEADER = YES;
				CLANG_WARN_RANGE_LOOP_ANALYSIS = YES;
				CLANG_WARN_STRICT_PROTOTYPES = YES;
				CLANG_WARN_SUSPICIOUS_MOVE = YES;
				CLANG_WARN_UNGUARDED_AVAILABILITY = YES_AGGRESSIVE;
				CLANG_WARN_UNREACHABLE_CODE = YES;
				CLANG_WARN__DUPLICATE_METHOD_MATCH = YES;
				COPY_PHASE_STRIP = NO;
				DEBUG_INFORMATION_FORMAT = dwarf;
				ENABLE_STRICT_OBJC_MSGSEND = YES;
				ENABLE_TESTABILITY = YES;
				ENABLE_USER_SCRIPT_SANDBOXING = YES;
				GCC_C_LANGUAGE_STANDARD = gnu17;
				GCC_DYNAMIC_NO_PIC = NO;
				GCC_NO_COMMON_BLOCKS = YES;
				GCC_OPTIMIZATION_LEVEL = 0;
				GCC_PREPROCESSOR_DEFINITIONS = (
					"DEBUG=1",
					"$(inherited)",
				);
				GCC_WARN_64_TO_32_BIT_CONVERSION = YES;
				GCC_WARN_ABOUT_RETURN_TYPE = YES_ERROR;
				GCC_WARN_UNDECLARED_SELECTOR = YES;
				GCC_WARN_UNINITIALIZED_AUTOS = YES_AGGRESSIVE;
				GCC_WARN_UNUSED_FUNCTION = YES;
				GCC_WARN_UNUSED_VARIABLE = YES;
				IPHONEOS_DEPLOYMENT_TARGET = 17.2;
				LOCALIZATION_PREFERS_STRING_CATALOGS = YES;
				MTL_ENABLE_DEBUG_INFO = INCLUDE_SOURCE;
				MTL_FAST_MATH = YES;
				ONLY_ACTIVE_ARCH = YES;
				SDKROOT = iphoneos;
				SWIFT_ACTIVE_COMPILATION_CONDITIONS = "DEBUG $(inherited)";
				SWIFT_OPTIMIZATION_LEVEL = "-Onone";
			};
			name = Debug;
		};
		FD177A602B84F5A000FD37A9 /* Release */ = {
			isa = XCBuildConfiguration;
			buildSettings = {
				ALWAYS_SEARCH_USER_PATHS = NO;
				ASSETCATALOG_COMPILER_GENERATE_SWIFT_ASSET_SYMBOL_EXTENSIONS = YES;
				CLANG_ANALYZER_NONNULL = YES;
				CLANG_ANALYZER_NUMBER_OBJECT_CONVERSION = YES_AGGRESSIVE;
				CLANG_CXX_LANGUAGE_STANDARD = "gnu++20";
				CLANG_ENABLE_MODULES = YES;
				CLANG_ENABLE_OBJC_ARC = YES;
				CLANG_ENABLE_OBJC_WEAK = YES;
				CLANG_WARN_BLOCK_CAPTURE_AUTORELEASING = YES;
				CLANG_WARN_BOOL_CONVERSION = YES;
				CLANG_WARN_COMMA = YES;
				CLANG_WARN_CONSTANT_CONVERSION = YES;
				CLANG_WARN_DEPRECATED_OBJC_IMPLEMENTATIONS = YES;
				CLANG_WARN_DIRECT_OBJC_ISA_USAGE = YES_ERROR;
				CLANG_WARN_DOCUMENTATION_COMMENTS = YES;
				CLANG_WARN_EMPTY_BODY = YES;
				CLANG_WARN_ENUM_CONVERSION = YES;
				CLANG_WARN_INFINITE_RECURSION = YES;
				CLANG_WARN_INT_CONVERSION = YES;
				CLANG_WARN_NON_LITERAL_NULL_CONVERSION = YES;
				CLANG_WARN_OBJC_IMPLICIT_RETAIN_SELF = YES;
				CLANG_WARN_OBJC_LITERAL_CONVERSION = YES;
				CLANG_WARN_OBJC_ROOT_CLASS = YES_ERROR;
				CLANG_WARN_QUOTED_INCLUDE_IN_FRAMEWORK_HEADER = YES;
				CLANG_WARN_RANGE_LOOP_ANALYSIS = YES;
				CLANG_WARN_STRICT_PROTOTYPES = YES;
				CLANG_WARN_SUSPICIOUS_MOVE = YES;
				CLANG_WARN_UNGUARDED_AVAILABILITY = YES_AGGRESSIVE;
				CLANG_WARN_UNREACHABLE_CODE = YES;
				CLANG_WARN__DUPLICATE_METHOD_MATCH = YES;
				COPY_PHASE_STRIP = NO;
				DEBUG_INFORMATION_FORMAT = "dwarf-with-dsym";
				ENABLE_NS_ASSERTIONS = NO;
				ENABLE_STRICT_OBJC_MSGSEND = YES;
				ENABLE_USER_SCRIPT_SANDBOXING = YES;
				GCC_C_LANGUAGE_STANDARD = gnu17;
				GCC_NO_COMMON_BLOCKS = YES;
				GCC_WARN_64_TO_32_BIT_CONVERSION = YES;
				GCC_WARN_ABOUT_RETURN_TYPE = YES_ERROR;
				GCC_WARN_UNDECLARED_SELECTOR = YES;
				GCC_WARN_UNINITIALIZED_AUTOS = YES_AGGRESSIVE;
				GCC_WARN_UNUSED_FUNCTION = YES;
				GCC_WARN_UNUSED_VARIABLE = YES;
				IPHONEOS_DEPLOYMENT_TARGET = 17.2;
				LOCALIZATION_PREFERS_STRING_CATALOGS = YES;
				MTL_ENABLE_DEBUG_INFO = NO;
				MTL_FAST_MATH = YES;
				SDKROOT = iphoneos;
				SWIFT_COMPILATION_MODE = wholemodule;
				VALIDATE_PRODUCT = YES;
			};
			name = Release;
		};
		FD177A622B84F5A000FD37A9 /* Debug */ = {
			isa = XCBuildConfiguration;
			buildSettings = {
				ASSETCATALOG_COMPILER_APPICON_NAME = AppIcon;
				ASSETCATALOG_COMPILER_GLOBAL_ACCENT_COLOR_NAME = AccentColor;
				CODE_SIGN_STYLE = Automatic;
				CURRENT_PROJECT_VERSION = 1;
				DEVELOPMENT_ASSET_PATHS = "\"Voyage/Preview Content\"";
				ENABLE_PREVIEWS = YES;
				GENERATE_INFOPLIST_FILE = YES;
				INFOPLIST_KEY_UIApplicationSceneManifest_Generation = YES;
				INFOPLIST_KEY_UIApplicationSupportsIndirectInputEvents = YES;
				INFOPLIST_KEY_UILaunchScreen_Generation = YES;
				INFOPLIST_KEY_UISupportedInterfaceOrientations_iPad = "UIInterfaceOrientationPortrait UIInterfaceOrientationPortraitUpsideDown UIInterfaceOrientationLandscapeLeft UIInterfaceOrientationLandscapeRight";
				INFOPLIST_KEY_UISupportedInterfaceOrientations_iPhone = "UIInterfaceOrientationPortrait UIInterfaceOrientationLandscapeLeft UIInterfaceOrientationLandscapeRight";
				LD_RUNPATH_SEARCH_PATHS = (
					"$(inherited)",
					"@executable_path/Frameworks",
				);
				MARKETING_VERSION = 1.0;
				PRODUCT_BUNDLE_IDENTIFIER = com.suhailskhan.Voyage;
				PRODUCT_NAME = "$(TARGET_NAME)";
				SWIFT_EMIT_LOC_STRINGS = YES;
				SWIFT_VERSION = 5.0;
				TARGETED_DEVICE_FAMILY = "1,2";
			};
			name = Debug;
		};
		FD177A632B84F5A000FD37A9 /* Release */ = {
			isa = XCBuildConfiguration;
			buildSettings = {
				ASSETCATALOG_COMPILER_APPICON_NAME = AppIcon;
				ASSETCATALOG_COMPILER_GLOBAL_ACCENT_COLOR_NAME = AccentColor;
				CODE_SIGN_STYLE = Automatic;
				CURRENT_PROJECT_VERSION = 1;
				DEVELOPMENT_ASSET_PATHS = "\"Voyage/Preview Content\"";
				ENABLE_PREVIEWS = YES;
				GENERATE_INFOPLIST_FILE = YES;
				INFOPLIST_KEY_UIApplicationSceneManifest_Generation = YES;
				INFOPLIST_KEY_UIApplicationSupportsIndirectInputEvents = YES;
				INFOPLIST_KEY_UILaunchScreen_Generation = YES;
				INFOPLIST_KEY_UISupportedInterfaceOrientations_iPad = "UIInterfaceOrientationPortrait UIInterfaceOrientationPortraitUpsideDown UIInterfaceOrientationLandscapeLeft UIInterfaceOrientationLandscapeRight";
				INFOPLIST_KEY_UISupportedInterfaceOrientations_iPhone = "UIInterfaceOrientationPortrait UIInterfaceOrientationLandscapeLeft UIInterfaceOrientationLandscapeRight";
				LD_RUNPATH_SEARCH_PATHS = (
					"$(inherited)",
					"@executable_path/Frameworks",
				);
				MARKETING_VERSION = 1.0;
				PRODUCT_BUNDLE_IDENTIFIER = com.suhailskhan.Voyage;
				PRODUCT_NAME = "$(TARGET_NAME)";
				SWIFT_EMIT_LOC_STRINGS = YES;
				SWIFT_VERSION = 5.0;
				TARGETED_DEVICE_FAMILY = "1,2";
			};
			name = Release;
		};
/* End XCBuildConfiguration section */

/* Begin XCConfigurationList section */
		FD177A4E2B84F59C00FD37A9 /* Build configuration list for PBXProject "Voyage" */ = {
			isa = XCConfigurationList;
			buildConfigurations = (
				FD177A5F2B84F5A000FD37A9 /* Debug */,
				FD177A602B84F5A000FD37A9 /* Release */,
			);
			defaultConfigurationIsVisible = 0;
			defaultConfigurationName = Release;
		};
		FD177A612B84F5A000FD37A9 /* Build configuration list for PBXNativeTarget "Voyage" */ = {
			isa = XCConfigurationList;
			buildConfigurations = (
				FD177A622B84F5A000FD37A9 /* Debug */,
				FD177A632B84F5A000FD37A9 /* Release */,
			);
			defaultConfigurationIsVisible = 0;
			defaultConfigurationName = Release;
		};
/* End XCConfigurationList section */

/* Begin XCRemoteSwiftPackageReference section */
		FDBE1E7D2BEF90800048F5F5 /* XCRemoteSwiftPackageReference "BottomSheet" */ = {
			isa = XCRemoteSwiftPackageReference;
			repositoryURL = "https://github.com/lucaszischka/BottomSheet";
			requirement = {
				kind = upToNextMajorVersion;
				minimumVersion = 3.1.1;
			};
		};
		FDE59FB72BEE986B001BE9A2 /* XCRemoteSwiftPackageReference "swift-sgp4" */ = {
			isa = XCRemoteSwiftPackageReference;
			repositoryURL = "https://github.com/csanfilippo/swift-sgp4";
			requirement = {
				kind = upToNextMajorVersion;
				minimumVersion = 1.2.0;
			};
		};
/* End XCRemoteSwiftPackageReference section */

/* Begin XCSwiftPackageProductDependency section */
		FDBE1E7E2BEF90800048F5F5 /* BottomSheet */ = {
			isa = XCSwiftPackageProductDependency;
			package = FDBE1E7D2BEF90800048F5F5 /* XCRemoteSwiftPackageReference "BottomSheet" */;
			productName = BottomSheet;
		};
		FDE59FB82BEE986B001BE9A2 /* SGPKit */ = {
			isa = XCSwiftPackageProductDependency;
			package = FDE59FB72BEE986B001BE9A2 /* XCRemoteSwiftPackageReference "swift-sgp4" */;
			productName = SGPKit;
		};
/* End XCSwiftPackageProductDependency section */
	};
	rootObject = FD177A4B2B84F59B00FD37A9 /* Project object */;
}
