{
  "originHash" : "00ce1dd2439148b77726105827c7e5c2391d4e8c0cf82d44321cc98765fd7baa",
  "pins" : [
    {
      "identity" : "bottomsheet",
      "kind" : "remoteSourceControl",
      "location" : "https://github.com/lucaszischka/BottomSheet",
      "state" : {
        "revision" : "720ddbd1371fef2a09cc1ab65fc503df37767f9c",
        "version" : "3.1.1"
      }
    },
    {
      "identity" : "swift-sgp4",
      "kind" : "remoteSourceControl",
      "location" : "https://github.com/csanfilippo/swift-sgp4",
      "state" : {
        "revision" : "cbc9a67b1851541d939b0106e003d85c7257ce63",
        "version" : "1.2.0"
      }
    }
  ],
  "version" : 3
}
